
Microsoft Visual Studio Solution File, Format Version 12.00
# Visual Studio Version 16
VisualStudioVersion = 16.0.29926.136
MinimumVisualStudioVersion = 10.0.40219.1
Project("{FAE04EC0-301F-11D3-BF4B-00C04F79EFBC}") = "TalkBackSample.Android", "TalkBackSample\TalkBackSample.Android\TalkBackSample.Android.csproj", "{B49DB779-4014-4E01-A92E-193F527B4605}"
EndProject
Project("{FAE04EC0-301F-11D3-BF4B-00C04F79EFBC}") = "TalkBackSample.iOS", "TalkBackSample\TalkBackSample.iOS\TalkBackSample.iOS.csproj", "{16FB149B-7FE7-46D4-867A-9B4551581B83}"
EndProject
Project("{FAE04EC0-301F-11D3-BF4B-00C04F79EFBC}") = "TalkBackSample", "TalkBackSample\TalkBackSample\TalkBackSample.csproj", "{3350A9F5-64FC-471B-AEC6-5275E0121B78}"
EndProject
Global
	GlobalSection(SolutionConfigurationPlatforms) = preSolution
		Debug|Any CPU = Debug|Any CPU
		Debug|iPhone = Debug|iPhone
		Debug|iPhoneSimulator = Debug|iPhoneSimulator
		Release|Any CPU = Release|Any CPU
		Release|iPhone = Release|iPhone
		Release|iPhoneSimulator = Release|iPhoneSimulator
	EndGlobalSection
	GlobalSection(ProjectConfigurationPlatforms) = postSolution
		{B49DB779-4014-4E01-A92E-193F527B4605}.Debug|Any CPU.ActiveCfg = Debug|Any CPU
		{B49DB779-4014-4E01-A92E-193F527B4605}.Debug|Any CPU.Build.0 = Debug|Any CPU
		{B49DB779-4014-4E01-A92E-193F527B4605}.Debug|Any CPU.Deploy.0 = Debug|Any CPU
		{B49DB779-4014-4E01-A92E-193F527B4605}.Debug|iPhone.ActiveCfg = Debug|Any CPU
		{B49DB779-4014-4E01-A92E-193F527B4605}.Debug|iPhone.Build.0 = Debug|Any CPU
		{B49DB779-4014-4E01-A92E-193F527B4605}.Debug|iPhone.Deploy.0 = Debug|Any CPU
		{B49DB779-4014-4E01-A92E-193F527B4605}.Debug|iPhoneSimulator.ActiveCfg = Debug|Any CPU
		{B49DB779-4014-4E01-A92E-193F527B4605}.Debug|iPhoneSimulator.Build.0 = Debug|Any CPU
		{B49DB779-4014-4E01-A92E-193F527B4605}.Debug|iPhoneSimulator.Deploy.0 = Debug|Any CPU
		{B49DB779-4014-4E01-A92E-193F527B4605}.Release|Any CPU.ActiveCfg = Release|Any CPU
		{B49DB779-4014-4E01-A92E-193F527B4605}.Release|Any CPU.Build.0 = Release|Any CPU
		{B49DB779-4014-4E01-A92E-193F527B4605}.Release|Any CPU.Deploy.0 = Release|Any CPU
		{B49DB779-4014-4E01-A92E-193F527B4605}.Release|iPhone.ActiveCfg = Release|Any CPU
		{B49DB779-4014-4E01-A92E-193F527B4605}.Release|iPhone.Build.0 = Release|Any CPU
		{B49DB779-4014-4E01-A92E-193F527B4605}.Release|iPhone.Deploy.0 = Release|Any CPU
		{B49DB779-4014-4E01-A92E-193F527B4605}.Release|iPhoneSimulator.ActiveCfg = Release|Any CPU
		{B49DB779-4014-4E01-A92E-193F527B4605}.Release|iPhoneSimulator.Build.0 = Release|Any CPU
		{B49DB779-4014-4E01-A92E-193F527B4605}.Release|iPhoneSimulator.Deploy.0 = Release|Any CPU
		{16FB149B-7FE7-46D4-867A-9B4551581B83}.Debug|Any CPU.ActiveCfg = Debug|iPhone
		{16FB149B-7FE7-46D4-867A-9B4551581B83}.Debug|Any CPU.Build.0 = Debug|iPhone
		{16FB149B-7FE7-46D4-867A-9B4551581B83}.Debug|Any CPU.Deploy.0 = Debug|iPhone
		{16FB149B-7FE7-46D4-867A-9B4551581B83}.Debug|iPhone.ActiveCfg = Debug|iPhone
		{16FB149B-7FE7-46D4-867A-9B4551581B83}.Debug|iPhone.Build.0 = Debug|iPhone
		{16FB149B-7FE7-46D4-867A-9B4551581B83}.Debug|iPhone.Deploy.0 = Debug|iPhone
		{16FB149B-7FE7-46D4-867A-9B4551581B83}.Debug|iPhoneSimulator.ActiveCfg = Debug|iPhoneSimulator
		{16FB149B-7FE7-46D4-867A-9B4551581B83}.Debug|iPhoneSimulator.Build.0 = Debug|iPhoneSimulator
		{16FB149B-7FE7-46D4-867A-9B4551581B83}.Debug|iPhoneSimulator.Deploy.0 = Debug|iPhoneSimulator
		{16FB149B-7FE7-46D4-867A-9B4551581B83}.Release|Any CPU.ActiveCfg = Release|iPhone
		{16FB149B-7FE7-46D4-867A-9B4551581B83}.Release|Any CPU.Build.0 = Release|iPhone
		{16FB149B-7FE7-46D4-867A-9B4551581B83}.Release|Any CPU.Deploy.0 = Release|iPhone
		{16FB149B-7FE7-46D4-867A-9B4551581B83}.Release|iPhone.ActiveCfg = Release|iPhone
		{16FB149B-7FE7-46D4-867A-9B4551581B83}.Release|iPhone.Build.0 = Release|iPhone
		{16FB149B-7FE7-46D4-867A-9B4551581B83}.Release|iPhone.Deploy.0 = Release|iPhone
		{16FB149B-7FE7-46D4-867A-9B4551581B83}.Release|iPhoneSimulator.ActiveCfg = Release|iPhoneSimulator
		{16FB149B-7FE7-46D4-867A-9B4551581B83}.Release|iPhoneSimulator.Build.0 = Release|iPhoneSimulator
		{16FB149B-7FE7-46D4-867A-9B4551581B83}.Release|iPhoneSimulator.Deploy.0 = Release|iPhoneSimulator
		{3350A9F5-64FC-471B-AEC6-5275E0121B78}.Debug|Any CPU.ActiveCfg = Debug|Any CPU
		{3350A9F5-64FC-471B-AEC6-5275E0121B78}.Debug|Any CPU.Build.0 = Debug|Any CPU
		{3350A9F5-64FC-471B-AEC6-5275E0121B78}.Debug|Any CPU.Deploy.0 = Debug|Any CPU
		{3350A9F5-64FC-471B-AEC6-5275E0121B78}.Debug|iPhone.ActiveCfg = Debug|Any CPU
		{3350A9F5-64FC-471B-AEC6-5275E0121B78}.Debug|iPhone.Build.0 = Debug|Any CPU
		{3350A9F5-64FC-471B-AEC6-5275E0121B78}.Debug|iPhone.Deploy.0 = Debug|Any CPU
		{3350A9F5-64FC-471B-AEC6-5275E0121B78}.Debug|iPhoneSimulator.ActiveCfg = Debug|Any CPU
		{3350A9F5-64FC-471B-AEC6-5275E0121B78}.Debug|iPhoneSimulator.Build.0 = Debug|Any CPU
		{3350A9F5-64FC-471B-AEC6-5275E0121B78}.Debug|iPhoneSimulator.Deploy.0 = Debug|Any CPU
		{3350A9F5-64FC-471B-AEC6-5275E0121B78}.Release|Any CPU.ActiveCfg = Release|Any CPU
		{3350A9F5-64FC-471B-AEC6-5275E0121B78}.Release|Any CPU.Build.0 = Release|Any CPU
		{3350A9F5-64FC-471B-AEC6-5275E0121B78}.Release|Any CPU.Deploy.0 = Release|Any CPU
		{3350A9F5-64FC-471B-AEC6-5275E0121B78}.Release|iPhone.ActiveCfg = Release|Any CPU
		{3350A9F5-64FC-471B-AEC6-5275E0121B78}.Release|iPhone.Build.0 = Release|Any CPU
		{3350A9F5-64FC-471B-AEC6-5275E0121B78}.Release|iPhone.Deploy.0 = Release|Any CPU
		{3350A9F5-64FC-471B-AEC6-5275E0121B78}.Release|iPhoneSimulator.ActiveCfg = Release|Any CPU
		{3350A9F5-64FC-471B-AEC6-5275E0121B78}.Release|iPhoneSimulator.Build.0 = Release|Any CPU
		{3350A9F5-64FC-471B-AEC6-5275E0121B78}.Release|iPhoneSimulator.Deploy.0 = Release|Any CPU
	EndGlobalSection
	GlobalSection(SolutionProperties) = preSolution
		HideSolutionNode = FALSE
	EndGlobalSection
	GlobalSection(ExtensibilityGlobals) = postSolution
		SolutionGuid = {7637C0A2-9499-4F32-B3AF-4D0407E95C65}
	EndGlobalSection
EndGlobal
